
Microsoft Visual Studio Solution File, Format Version 12.00
# Visual Studio Version 17
VisualStudioVersion = 17.11.35303.130
MinimumVisualStudioVersion = 10.0.40219.1
Project("{FAE04EC0-301F-11D3-BF4B-00C04F79EFBC}") = "ConsoleApp3", "ConsoleApp3.csproj", "{475055AB-14C4-412B-B2A7-A0D0E0E6BF1F}"
EndProject
Global
	GlobalSection(SolutionConfigurationPlatforms) = preSolution
		Debug|Any CPU = Debug|Any CPU
		Release|Any CPU = Release|Any CPU
	EndGlobalSection
	GlobalSection(ProjectConfigurationPlatforms) = postSolution
		{475055AB-14C4-412B-B2A7-A0D0E0E6BF1F}.Debug|Any CPU.ActiveCfg = Debug|Any CPU
		{475055AB-14C4-412B-B2A7-A0D0E0E6BF1F}.Debug|Any CPU.Build.0 = Debug|Any CPU
		{475055AB-14C4-412B-B2A7-A0D0E0E6BF1F}.Release|Any CPU.ActiveCfg = Release|Any CPU
		{475055AB-14C4-412B-B2A7-A0D0E0E6BF1F}.Release|Any CPU.Build.0 = Release|Any CPU
	EndGlobalSection
	GlobalSection(SolutionProperties) = preSolution
		HideSolutionNode = FALSE
	EndGlobalSection
	GlobalSection(ExtensibilityGlobals) = postSolution
		SolutionGuid = {A9CE43FB-9C07-420A-83A9-4717FE18E268}
	EndGlobalSection
EndGlobal
